
Microsoft Visual Studio Solution File, Format Version 12.00
# Visual Studio Version 16
VisualStudioVersion = 16.0.31727.386
MinimumVisualStudioVersion = 10.0.40219.1
Project("{2150E333-8FDC-42A3-9474-1A3956D46DE8}") = "Services", "Services", "{0399E39A-7936-4766-9FDF-4795F71571B4}"
EndProject
Project("{2150E333-8FDC-42A3-9474-1A3956D46DE8}") = "Catalog", "Catalog", "{959BE1B6-8C07-4180-8B46-EDE12CCDC701}"
EndProject
Project("{9A19103F-16F7-4668-BE54-9A1E7A4F7556}") = "FreeCourse.Services.Catalog", "Services\Catalog\FreeCourse.Services.Catalog\FreeCourse.Services.Catalog.csproj", "{DB5BE504-6BF6-4F8D-89E1-2E96A4718545}"
EndProject
Project("{2150E333-8FDC-42A3-9474-1A3956D46DE8}") = "Solution Items", "Solution Items", "{489B7B41-6F72-4A13-9AEC-278316A0A63C}"
	ProjectSection(SolutionItems) = preProject
		Ports.txt = Ports.txt
	EndProjectSection
EndProject
Project("{2150E333-8FDC-42A3-9474-1A3956D46DE8}") = "Shared", "Shared", "{0C0206AA-11B8-4181-8AAB-23D165C0F73C}"
EndProject
Project("{9A19103F-16F7-4668-BE54-9A1E7A4F7556}") = "FreeCourse.Shared", "Shared\FreeCourse.Shared\FreeCourse.Shared.csproj", "{47DD89EA-D708-44D2-BCC6-52A8853E8190}"
EndProject
Project("{2150E333-8FDC-42A3-9474-1A3956D46DE8}") = "IdentityServer", "IdentityServer", "{026CE908-6CFA-487D-B48C-2216035BCB75}"
EndProject
Project("{9A19103F-16F7-4668-BE54-9A1E7A4F7556}") = "FreeCourse.IdentityServer", "IdentityServer\FreeCourse.IdentityServer\FreeCourse.IdentityServer.csproj", "{88934975-A08E-47C0-993D-6AC8B5E774E5}"
EndProject
Project("{2150E333-8FDC-42A3-9474-1A3956D46DE8}") = "PhotoStock", "PhotoStock", "{43F01773-7260-4AAF-BC71-812B90D2F875}"
EndProject
Project("{9A19103F-16F7-4668-BE54-9A1E7A4F7556}") = "FreeCourse.Services.PhotoStock", "Services\PhotoStock\FreeCourse.Services.PhotoStock\FreeCourse.Services.PhotoStock.csproj", "{CFE7BA11-448E-418C-8315-05A5F85D1D3C}"
EndProject
Project("{2150E333-8FDC-42A3-9474-1A3956D46DE8}") = "Basket", "Basket", "{116E6D7E-18AE-4521-B711-C4525EACEFD7}"
EndProject
Project("{9A19103F-16F7-4668-BE54-9A1E7A4F7556}") = "FreeCourse.Services.Basket", "Services\Basket\FreeCourse.Services.Basket\FreeCourse.Services.Basket.csproj", "{DE4E6892-386E-4326-AA7E-6556EBC2A1B3}"
EndProject
Project("{2150E333-8FDC-42A3-9474-1A3956D46DE8}") = "Discount", "Discount", "{52F601FD-E496-4C46-8A34-5925699124FC}"
EndProject
Project("{9A19103F-16F7-4668-BE54-9A1E7A4F7556}") = "FreeCourse.Services.Discount", "Services\Discount\FreeCourse.Services.Discount\FreeCourse.Services.Discount.csproj", "{76F65B47-2A38-4D6E-905B-4492E828DBCD}"
EndProject
Project("{2150E333-8FDC-42A3-9474-1A3956D46DE8}") = "Order", "Order", "{2D2FBE0E-17A5-48FD-A628-6E47C2B95783}"
EndProject
Project("{9A19103F-16F7-4668-BE54-9A1E7A4F7556}") = "FreeCourse.Services.Order.API", "Services\Order\FreeCourse.Services.Order.API\FreeCourse.Services.Order.API.csproj", "{92BC6EEE-2827-419D-A3A4-DCFDC671C671}"
EndProject
Project("{9A19103F-16F7-4668-BE54-9A1E7A4F7556}") = "FreeCourse.Services.Order.Application", "Services\Order\FreeCourse.Services.Order.Application\FreeCourse.Services.Order.Application.csproj", "{3E0EA3FE-72A3-461B-B250-90BC7F670EC6}"
EndProject
Project("{9A19103F-16F7-4668-BE54-9A1E7A4F7556}") = "FreeCourse.Services.Order.Domain", "Services\Order\FreeCourse.Services.Order.Domain\FreeCourse.Services.Order.Domain.csproj", "{9A3E40EA-ADF7-4FB5-AF48-906FAF9809D6}"
EndProject
Project("{9A19103F-16F7-4668-BE54-9A1E7A4F7556}") = "FreeCourse.Services.Order.Domain.Core", "Services\Order\FreeCourse.Services.Order.Domain.Core\FreeCourse.Services.Order.Domain.Core.csproj", "{2B3B7987-5BE6-4711-B826-E548E3890E98}"
EndProject
Project("{9A19103F-16F7-4668-BE54-9A1E7A4F7556}") = "FreeCourse.Services.Order.Infrastructure", "Services\Order\FreeCourse.Services.Order.Infrastructure\FreeCourse.Services.Order.Infrastructure.csproj", "{211A3BC5-D1D2-4069-93C0-1D0077A4E20E}"
EndProject
Project("{2150E333-8FDC-42A3-9474-1A3956D46DE8}") = "FakePayment", "FakePayment", "{AB674F44-6EF6-4DD6-BF75-6EF8A856B8A7}"
EndProject
Project("{9A19103F-16F7-4668-BE54-9A1E7A4F7556}") = "FreeCourse.Services.FakePayment", "Services\FakePayment\FreeCourse.Services.FakePayment\FreeCourse.Services.FakePayment.csproj", "{1FDE89F6-D705-47F9-9121-A2D51E1CB74D}"
EndProject
Project("{2150E333-8FDC-42A3-9474-1A3956D46DE8}") = "Gateways", "Gateways", "{E47D76D6-2E91-4058-9749-5BFAAF33CFD8}"
EndProject
Project("{9A19103F-16F7-4668-BE54-9A1E7A4F7556}") = "FreeCourse.Gateway", "Gateways\FreeCourse.Gateway\FreeCourse.Gateway.csproj", "{B5D9B68C-A3C3-4CA9-9A99-9500EF21A007}"
EndProject
Project("{2150E333-8FDC-42A3-9474-1A3956D46DE8}") = "Frontends", "Frontends", "{E7F97B4F-00BE-4E29-9B3B-E563291B02BE}"
EndProject
Project("{FAE04EC0-301F-11D3-BF4B-00C04F79EFBC}") = "FreeCourse.Web", "Frontends\FreeCourse.Web\FreeCourse.Web.csproj", "{5F693298-A2FB-43A8-97B5-0ED4F5CF7497}"
EndProject
Global
	GlobalSection(SolutionConfigurationPlatforms) = preSolution
		Debug|Any CPU = Debug|Any CPU
		Release|Any CPU = Release|Any CPU
	EndGlobalSection
	GlobalSection(ProjectConfigurationPlatforms) = postSolution
		{DB5BE504-6BF6-4F8D-89E1-2E96A4718545}.Debug|Any CPU.ActiveCfg = Debug|Any CPU
		{DB5BE504-6BF6-4F8D-89E1-2E96A4718545}.Debug|Any CPU.Build.0 = Debug|Any CPU
		{DB5BE504-6BF6-4F8D-89E1-2E96A4718545}.Release|Any CPU.ActiveCfg = Release|Any CPU
		{DB5BE504-6BF6-4F8D-89E1-2E96A4718545}.Release|Any CPU.Build.0 = Release|Any CPU
		{47DD89EA-D708-44D2-BCC6-52A8853E8190}.Debug|Any CPU.ActiveCfg = Debug|Any CPU
		{47DD89EA-D708-44D2-BCC6-52A8853E8190}.Debug|Any CPU.Build.0 = Debug|Any CPU
		{47DD89EA-D708-44D2-BCC6-52A8853E8190}.Release|Any CPU.ActiveCfg = Release|Any CPU
		{47DD89EA-D708-44D2-BCC6-52A8853E8190}.Release|Any CPU.Build.0 = Release|Any CPU
		{88934975-A08E-47C0-993D-6AC8B5E774E5}.Debug|Any CPU.ActiveCfg = Debug|Any CPU
		{88934975-A08E-47C0-993D-6AC8B5E774E5}.Debug|Any CPU.Build.0 = Debug|Any CPU
		{88934975-A08E-47C0-993D-6AC8B5E774E5}.Release|Any CPU.ActiveCfg = Release|Any CPU
		{88934975-A08E-47C0-993D-6AC8B5E774E5}.Release|Any CPU.Build.0 = Release|Any CPU
		{CFE7BA11-448E-418C-8315-05A5F85D1D3C}.Debug|Any CPU.ActiveCfg = Debug|Any CPU
		{CFE7BA11-448E-418C-8315-05A5F85D1D3C}.Debug|Any CPU.Build.0 = Debug|Any CPU
		{CFE7BA11-448E-418C-8315-05A5F85D1D3C}.Release|Any CPU.ActiveCfg = Release|Any CPU
		{CFE7BA11-448E-418C-8315-05A5F85D1D3C}.Release|Any CPU.Build.0 = Release|Any CPU
		{DE4E6892-386E-4326-AA7E-6556EBC2A1B3}.Debug|Any CPU.ActiveCfg = Debug|Any CPU
		{DE4E6892-386E-4326-AA7E-6556EBC2A1B3}.Debug|Any CPU.Build.0 = Debug|Any CPU
		{DE4E6892-386E-4326-AA7E-6556EBC2A1B3}.Release|Any CPU.ActiveCfg = Release|Any CPU
		{DE4E6892-386E-4326-AA7E-6556EBC2A1B3}.Release|Any CPU.Build.0 = Release|Any CPU
		{76F65B47-2A38-4D6E-905B-4492E828DBCD}.Debug|Any CPU.ActiveCfg = Debug|Any CPU
		{76F65B47-2A38-4D6E-905B-4492E828DBCD}.Debug|Any CPU.Build.0 = Debug|Any CPU
		{76F65B47-2A38-4D6E-905B-4492E828DBCD}.Release|Any CPU.ActiveCfg = Release|Any CPU
		{76F65B47-2A38-4D6E-905B-4492E828DBCD}.Release|Any CPU.Build.0 = Release|Any CPU
		{92BC6EEE-2827-419D-A3A4-DCFDC671C671}.Debug|Any CPU.ActiveCfg = Debug|Any CPU
		{92BC6EEE-2827-419D-A3A4-DCFDC671C671}.Debug|Any CPU.Build.0 = Debug|Any CPU
		{92BC6EEE-2827-419D-A3A4-DCFDC671C671}.Release|Any CPU.ActiveCfg = Release|Any CPU
		{92BC6EEE-2827-419D-A3A4-DCFDC671C671}.Release|Any CPU.Build.0 = Release|Any CPU
		{3E0EA3FE-72A3-461B-B250-90BC7F670EC6}.Debug|Any CPU.ActiveCfg = Debug|Any CPU
		{3E0EA3FE-72A3-461B-B250-90BC7F670EC6}.Debug|Any CPU.Build.0 = Debug|Any CPU
		{3E0EA3FE-72A3-461B-B250-90BC7F670EC6}.Release|Any CPU.ActiveCfg = Release|Any CPU
		{3E0EA3FE-72A3-461B-B250-90BC7F670EC6}.Release|Any CPU.Build.0 = Release|Any CPU
		{9A3E40EA-ADF7-4FB5-AF48-906FAF9809D6}.Debug|Any CPU.ActiveCfg = Debug|Any CPU
		{9A3E40EA-ADF7-4FB5-AF48-906FAF9809D6}.Debug|Any CPU.Build.0 = Debug|Any CPU
		{9A3E40EA-ADF7-4FB5-AF48-906FAF9809D6}.Release|Any CPU.ActiveCfg = Release|Any CPU
		{9A3E40EA-ADF7-4FB5-AF48-906FAF9809D6}.Release|Any CPU.Build.0 = Release|Any CPU
		{2B3B7987-5BE6-4711-B826-E548E3890E98}.Debug|Any CPU.ActiveCfg = Debug|Any CPU
		{2B3B7987-5BE6-4711-B826-E548E3890E98}.Debug|Any CPU.Build.0 = Debug|Any CPU
		{2B3B7987-5BE6-4711-B826-E548E3890E98}.Release|Any CPU.ActiveCfg = Release|Any CPU
		{2B3B7987-5BE6-4711-B826-E548E3890E98}.Release|Any CPU.Build.0 = Release|Any CPU
		{211A3BC5-D1D2-4069-93C0-1D0077A4E20E}.Debug|Any CPU.ActiveCfg = Debug|Any CPU
		{211A3BC5-D1D2-4069-93C0-1D0077A4E20E}.Debug|Any CPU.Build.0 = Debug|Any CPU
		{211A3BC5-D1D2-4069-93C0-1D0077A4E20E}.Release|Any CPU.ActiveCfg = Release|Any CPU
		{211A3BC5-D1D2-4069-93C0-1D0077A4E20E}.Release|Any CPU.Build.0 = Release|Any CPU
		{1FDE89F6-D705-47F9-9121-A2D51E1CB74D}.Debug|Any CPU.ActiveCfg = Debug|Any CPU
		{1FDE89F6-D705-47F9-9121-A2D51E1CB74D}.Debug|Any CPU.Build.0 = Debug|Any CPU
		{1FDE89F6-D705-47F9-9121-A2D51E1CB74D}.Release|Any CPU.ActiveCfg = Release|Any CPU
		{1FDE89F6-D705-47F9-9121-A2D51E1CB74D}.Release|Any CPU.Build.0 = Release|Any CPU
		{B5D9B68C-A3C3-4CA9-9A99-9500EF21A007}.Debug|Any CPU.ActiveCfg = Debug|Any CPU
		{B5D9B68C-A3C3-4CA9-9A99-9500EF21A007}.Debug|Any CPU.Build.0 = Debug|Any CPU
		{B5D9B68C-A3C3-4CA9-9A99-9500EF21A007}.Release|Any CPU.ActiveCfg = Release|Any CPU
		{B5D9B68C-A3C3-4CA9-9A99-9500EF21A007}.Release|Any CPU.Build.0 = Release|Any CPU
		{5F693298-A2FB-43A8-97B5-0ED4F5CF7497}.Debug|Any CPU.ActiveCfg = Debug|Any CPU
		{5F693298-A2FB-43A8-97B5-0ED4F5CF7497}.Debug|Any CPU.Build.0 = Debug|Any CPU
		{5F693298-A2FB-43A8-97B5-0ED4F5CF7497}.Release|Any CPU.ActiveCfg = Release|Any CPU
		{5F693298-A2FB-43A8-97B5-0ED4F5CF7497}.Release|Any CPU.Build.0 = Release|Any CPU
	EndGlobalSection
	GlobalSection(SolutionProperties) = preSolution
		HideSolutionNode = FALSE
	EndGlobalSection
	GlobalSection(NestedProjects) = preSolution
		{959BE1B6-8C07-4180-8B46-EDE12CCDC701} = {0399E39A-7936-4766-9FDF-4795F71571B4}
		{DB5BE504-6BF6-4F8D-89E1-2E96A4718545} = {959BE1B6-8C07-4180-8B46-EDE12CCDC701}
		{47DD89EA-D708-44D2-BCC6-52A8853E8190} = {0C0206AA-11B8-4181-8AAB-23D165C0F73C}
		{88934975-A08E-47C0-993D-6AC8B5E774E5} = {026CE908-6CFA-487D-B48C-2216035BCB75}
		{43F01773-7260-4AAF-BC71-812B90D2F875} = {0399E39A-7936-4766-9FDF-4795F71571B4}
		{CFE7BA11-448E-418C-8315-05A5F85D1D3C} = {43F01773-7260-4AAF-BC71-812B90D2F875}
		{116E6D7E-18AE-4521-B711-C4525EACEFD7} = {0399E39A-7936-4766-9FDF-4795F71571B4}
		{DE4E6892-386E-4326-AA7E-6556EBC2A1B3} = {116E6D7E-18AE-4521-B711-C4525EACEFD7}
		{52F601FD-E496-4C46-8A34-5925699124FC} = {0399E39A-7936-4766-9FDF-4795F71571B4}
		{76F65B47-2A38-4D6E-905B-4492E828DBCD} = {52F601FD-E496-4C46-8A34-5925699124FC}
		{2D2FBE0E-17A5-48FD-A628-6E47C2B95783} = {0399E39A-7936-4766-9FDF-4795F71571B4}
		{92BC6EEE-2827-419D-A3A4-DCFDC671C671} = {2D2FBE0E-17A5-48FD-A628-6E47C2B95783}
		{3E0EA3FE-72A3-461B-B250-90BC7F670EC6} = {2D2FBE0E-17A5-48FD-A628-6E47C2B95783}
		{9A3E40EA-ADF7-4FB5-AF48-906FAF9809D6} = {2D2FBE0E-17A5-48FD-A628-6E47C2B95783}
		{2B3B7987-5BE6-4711-B826-E548E3890E98} = {2D2FBE0E-17A5-48FD-A628-6E47C2B95783}
		{211A3BC5-D1D2-4069-93C0-1D0077A4E20E} = {2D2FBE0E-17A5-48FD-A628-6E47C2B95783}
		{AB674F44-6EF6-4DD6-BF75-6EF8A856B8A7} = {0399E39A-7936-4766-9FDF-4795F71571B4}
		{1FDE89F6-D705-47F9-9121-A2D51E1CB74D} = {AB674F44-6EF6-4DD6-BF75-6EF8A856B8A7}
		{B5D9B68C-A3C3-4CA9-9A99-9500EF21A007} = {E47D76D6-2E91-4058-9749-5BFAAF33CFD8}
		{5F693298-A2FB-43A8-97B5-0ED4F5CF7497} = {E7F97B4F-00BE-4E29-9B3B-E563291B02BE}
	EndGlobalSection
	GlobalSection(ExtensibilityGlobals) = postSolution
		SolutionGuid = {AAD4E0C0-3448-4CD6-AC14-4F398BE68B4F}
	EndGlobalSection
EndGlobal
